
Microsoft Visual Studio Solution File, Format Version 12.00
Project("{FAE04EC0-301F-11D3-BF4B-00C04F79EFBC}") = "Caso04actividadclase", "Caso04actividadclase.csproj", "{17A2A87D-6046-435E-A76E-A2F4A91A9C85}"
EndProject
Global
	GlobalSection(SolutionConfigurationPlatforms) = preSolution
		Debug|Any CPU = Debug|Any CPU
		Release|Any CPU = Release|Any CPU
	EndGlobalSection
	GlobalSection(ProjectConfigurationPlatforms) = postSolution
		{17A2A87D-6046-435E-A76E-A2F4A91A9C85}.Debug|Any CPU.ActiveCfg = Debug|Any CPU
		{17A2A87D-6046-435E-A76E-A2F4A91A9C85}.Debug|Any CPU.Build.0 = Debug|Any CPU
		{17A2A87D-6046-435E-A76E-A2F4A91A9C85}.Release|Any CPU.ActiveCfg = Release|Any CPU
		{17A2A87D-6046-435E-A76E-A2F4A91A9C85}.Release|Any CPU.Build.0 = Release|Any CPU
	EndGlobalSection
EndGlobal
